
Microsoft Visual Studio Solution File, Format Version 12.00
# Visual Studio 15
VisualStudioVersion = 15.0.26403.0
MinimumVisualStudioVersion = 10.0.40219.1
Project("{FAE04EC0-301F-11D3-BF4B-00C04F79EFBC}") = "Cashew", "src\Cashew\Cashew.csproj", "{84C759D6-9EE5-4939-B585-D9CC64BAF6E0}"
EndProject
Project("{2150E333-8FDC-42A3-9474-1A3956D46DE8}") = "src", "src", "{856A2BB6-924E-46FA-BFC0-548268CC985D}"
EndProject
Project("{2150E333-8FDC-42A3-9474-1A3956D46DE8}") = "tests", "tests", "{2429ECE9-1952-4BF1-B723-9F065F89F92A}"
EndProject
Project("{FAE04EC0-301F-11D3-BF4B-00C04F79EFBC}") = "Cashew.Tests", "tests\Cashew.Tests\Cashew.Tests.csproj", "{B0916BC9-9BA4-4294-9FF0-8273F0AAE86C}"
EndProject
Global
	GlobalSection(SolutionConfigurationPlatforms) = preSolution
		Debug|Any CPU = Debug|Any CPU
		Release|Any CPU = Release|Any CPU
	EndGlobalSection
	GlobalSection(ProjectConfigurationPlatforms) = postSolution
		{84C759D6-9EE5-4939-B585-D9CC64BAF6E0}.Debug|Any CPU.ActiveCfg = Debug|Any CPU
		{84C759D6-9EE5-4939-B585-D9CC64BAF6E0}.Debug|Any CPU.Build.0 = Debug|Any CPU
		{84C759D6-9EE5-4939-B585-D9CC64BAF6E0}.Release|Any CPU.ActiveCfg = Release|Any CPU
		{84C759D6-9EE5-4939-B585-D9CC64BAF6E0}.Release|Any CPU.Build.0 = Release|Any CPU
		{B0916BC9-9BA4-4294-9FF0-8273F0AAE86C}.Debug|Any CPU.ActiveCfg = Debug|Any CPU
		{B0916BC9-9BA4-4294-9FF0-8273F0AAE86C}.Debug|Any CPU.Build.0 = Debug|Any CPU
		{B0916BC9-9BA4-4294-9FF0-8273F0AAE86C}.Release|Any CPU.ActiveCfg = Release|Any CPU
		{B0916BC9-9BA4-4294-9FF0-8273F0AAE86C}.Release|Any CPU.Build.0 = Release|Any CPU
	EndGlobalSection
	GlobalSection(SolutionProperties) = preSolution
		HideSolutionNode = FALSE
	EndGlobalSection
	GlobalSection(NestedProjects) = preSolution
		{84C759D6-9EE5-4939-B585-D9CC64BAF6E0} = {856A2BB6-924E-46FA-BFC0-548268CC985D}
		{B0916BC9-9BA4-4294-9FF0-8273F0AAE86C} = {2429ECE9-1952-4BF1-B723-9F065F89F92A}
	EndGlobalSection
EndGlobal
